
Microsoft Visual Studio Solution File, Format Version 12.00
Project("{FAE04EC0-301F-11D3-BF4B-00C04F79EFBC}") = "ProjetConception", "ProjetConception\ProjetConception.csproj", "{FBE4915B-4269-4152-A550-82CA4C7A3E06}"
EndProject
Global
	GlobalSection(SolutionConfigurationPlatforms) = preSolution
		Debug|Any CPU = Debug|Any CPU
		Release|Any CPU = Release|Any CPU
	EndGlobalSection
	GlobalSection(ProjectConfigurationPlatforms) = postSolution
		{FBE4915B-4269-4152-A550-82CA4C7A3E06}.Debug|Any CPU.ActiveCfg = Debug|Any CPU
		{FBE4915B-4269-4152-A550-82CA4C7A3E06}.Debug|Any CPU.Build.0 = Debug|Any CPU
		{FBE4915B-4269-4152-A550-82CA4C7A3E06}.Release|Any CPU.ActiveCfg = Release|Any CPU
		{FBE4915B-4269-4152-A550-82CA4C7A3E06}.Release|Any CPU.Build.0 = Release|Any CPU
	EndGlobalSection
EndGlobal
